
Microsoft Visual Studio Solution File, Format Version 12.00
# Visual Studio Version 16
VisualStudioVersion = 16.0.30128.74
MinimumVisualStudioVersion = 10.0.40219.1
Project("{FAE04EC0-301F-11D3-BF4B-00C04F79EFBC}") = "CryptoAes.CLI", "Aes.CLI\CryptoAes.CLI.csproj", "{3D9E079C-D2B1-40DD-89A0-2C1698CDF09F}"
EndProject
Project("{FAE04EC0-301F-11D3-BF4B-00C04F79EFBC}") = "CryptoAes", "CryptoAes\CryptoAes.csproj", "{F99B2CCF-CA2B-4ECE-9930-C0E014A35849}"
EndProject
Global
	GlobalSection(SolutionConfigurationPlatforms) = preSolution
		Debug|Any CPU = Debug|Any CPU
		Release|Any CPU = Release|Any CPU
	EndGlobalSection
	GlobalSection(ProjectConfigurationPlatforms) = postSolution
		{3D9E079C-D2B1-40DD-89A0-2C1698CDF09F}.Debug|Any CPU.ActiveCfg = Debug|Any CPU
		{3D9E079C-D2B1-40DD-89A0-2C1698CDF09F}.Debug|Any CPU.Build.0 = Debug|Any CPU
		{3D9E079C-D2B1-40DD-89A0-2C1698CDF09F}.Release|Any CPU.ActiveCfg = Release|Any CPU
		{3D9E079C-D2B1-40DD-89A0-2C1698CDF09F}.Release|Any CPU.Build.0 = Release|Any CPU
		{F99B2CCF-CA2B-4ECE-9930-C0E014A35849}.Debug|Any CPU.ActiveCfg = Debug|Any CPU
		{F99B2CCF-CA2B-4ECE-9930-C0E014A35849}.Debug|Any CPU.Build.0 = Debug|Any CPU
		{F99B2CCF-CA2B-4ECE-9930-C0E014A35849}.Release|Any CPU.ActiveCfg = Release|Any CPU
		{F99B2CCF-CA2B-4ECE-9930-C0E014A35849}.Release|Any CPU.Build.0 = Release|Any CPU
	EndGlobalSection
	GlobalSection(SolutionProperties) = preSolution
		HideSolutionNode = FALSE
	EndGlobalSection
	GlobalSection(ExtensibilityGlobals) = postSolution
		SolutionGuid = {FD6BBDD2-36EC-49CD-B611-D0C3D5208B01}
	EndGlobalSection
EndGlobal
